
Microsoft Visual Studio Solution File, Format Version 12.00
# Visual Studio Version 16
VisualStudioVersion = 16.0.31402.337
MinimumVisualStudioVersion = 10.0.40219.1
Project("{8BC9CEB8-8B4A-11D0-8D11-00A0C91BC942}") = "DoomStyleFPS", "DoomStyleFPS.vcxproj", "{E78B4A83-2420-4E29-B35F-49BEE4633D73}"
EndProject
Global
	GlobalSection(SolutionConfigurationPlatforms) = preSolution
		Debug|x64 = Debug|x64
		Debug|x86 = Debug|x86
		Release|x64 = Release|x64
		Release|x86 = Release|x86
	EndGlobalSection
	GlobalSection(ProjectConfigurationPlatforms) = postSolution
		{E78B4A83-2420-4E29-B35F-49BEE4633D73}.Debug|x64.ActiveCfg = Debug|x64
		{E78B4A83-2420-4E29-B35F-49BEE4633D73}.Debug|x64.Build.0 = Debug|x64
		{E78B4A83-2420-4E29-B35F-49BEE4633D73}.Debug|x86.ActiveCfg = Debug|Win32
		{E78B4A83-2420-4E29-B35F-49BEE4633D73}.Debug|x86.Build.0 = Debug|Win32
		{E78B4A83-2420-4E29-B35F-49BEE4633D73}.Release|x64.ActiveCfg = Release|x64
		{E78B4A83-2420-4E29-B35F-49BEE4633D73}.Release|x64.Build.0 = Release|x64
		{E78B4A83-2420-4E29-B35F-49BEE4633D73}.Release|x86.ActiveCfg = Release|Win32
		{E78B4A83-2420-4E29-B35F-49BEE4633D73}.Release|x86.Build.0 = Release|Win32
	EndGlobalSection
	GlobalSection(SolutionProperties) = preSolution
		HideSolutionNode = FALSE
	EndGlobalSection
	GlobalSection(ExtensibilityGlobals) = postSolution
		SolutionGuid = {F126CD83-D772-4D77-B3A2-F7517AF20469}
	EndGlobalSection
EndGlobal
